
Microsoft Visual Studio Solution File, Format Version 12.00
# Visual Studio Version 17
VisualStudioVersion = 17.2.32616.157
MinimumVisualStudioVersion = 10.0.40219.1
Project("{FAE04EC0-301F-11D3-BF4B-00C04F79EFBC}") = "Calculator1", "Calculator1\Calculator1.csproj", "{B3BE23A1-EC22-4275-AB50-CEC55BAA03D2}"
EndProject
Project("{FAE04EC0-301F-11D3-BF4B-00C04F79EFBC}") = "CalculationTest", "CalculationTest\CalculationTest.csproj", "{7BE40E54-AFEA-412B-9C49-CF306A2308AD}"
EndProject
Global
	GlobalSection(SolutionConfigurationPlatforms) = preSolution
		Debug|Any CPU = Debug|Any CPU
		Release|Any CPU = Release|Any CPU
	EndGlobalSection
	GlobalSection(ProjectConfigurationPlatforms) = postSolution
		{B3BE23A1-EC22-4275-AB50-CEC55BAA03D2}.Debug|Any CPU.ActiveCfg = Debug|Any CPU
		{B3BE23A1-EC22-4275-AB50-CEC55BAA03D2}.Debug|Any CPU.Build.0 = Debug|Any CPU
		{B3BE23A1-EC22-4275-AB50-CEC55BAA03D2}.Release|Any CPU.ActiveCfg = Release|Any CPU
		{B3BE23A1-EC22-4275-AB50-CEC55BAA03D2}.Release|Any CPU.Build.0 = Release|Any CPU
		{7BE40E54-AFEA-412B-9C49-CF306A2308AD}.Debug|Any CPU.ActiveCfg = Debug|Any CPU
		{7BE40E54-AFEA-412B-9C49-CF306A2308AD}.Debug|Any CPU.Build.0 = Debug|Any CPU
		{7BE40E54-AFEA-412B-9C49-CF306A2308AD}.Release|Any CPU.ActiveCfg = Release|Any CPU
		{7BE40E54-AFEA-412B-9C49-CF306A2308AD}.Release|Any CPU.Build.0 = Release|Any CPU
	EndGlobalSection
	GlobalSection(SolutionProperties) = preSolution
		HideSolutionNode = FALSE
	EndGlobalSection
	GlobalSection(ExtensibilityGlobals) = postSolution
		SolutionGuid = {C6FA07A3-84D2-413C-BBFB-793A7535BC67}
	EndGlobalSection
EndGlobal
